
Microsoft Visual Studio Solution File, Format Version 12.00
# Visual Studio Version 17
VisualStudioVersion = 17.5.33627.172
MinimumVisualStudioVersion = 10.0.40219.1
Project("{FAE04EC0-301F-11D3-BF4B-00C04F79EFBC}") = "BusinessLayer", "BusinessLayer\BusinessLayer.csproj", "{A88430E1-DD51-4D31-AA43-651E5B486813}"
EndProject
Project("{FAE04EC0-301F-11D3-BF4B-00C04F79EFBC}") = "DataAccessLayer", "DataAccessLayer\DataAccessLayer.csproj", "{06A2666E-B36E-41A1-BC20-2E535A7172FA}"
EndProject
Project("{FAE04EC0-301F-11D3-BF4B-00C04F79EFBC}") = "EntityLayer", "EntityLayer\EntityLayer.csproj", "{89F744F3-8EA7-4183-B180-8A7AE64A042B}"
EndProject
Project("{FAE04EC0-301F-11D3-BF4B-00C04F79EFBC}") = "WebAPI", "WebAPI\WebAPI.csproj", "{4F00AAE7-62EC-44F2-8F33-5573FC93F8D4}"
EndProject
Project("{FAE04EC0-301F-11D3-BF4B-00C04F79EFBC}") = "WebAPIWithWindowsForm", "WebAPIWithWindowsForm\WebAPIWithWindowsForm.csproj", "{7D61EBD8-7D9B-4B26-B3D9-3D84405128E4}"
EndProject
Project("{FAE04EC0-301F-11D3-BF4B-00C04F79EFBC}") = "WebApplication1", "WebApplication1\WebApplication1.csproj", "{258395B5-093E-4352-8444-55C1E6DA2A35}"
EndProject
Global
	GlobalSection(SolutionConfigurationPlatforms) = preSolution
		Debug|Any CPU = Debug|Any CPU
		Release|Any CPU = Release|Any CPU
	EndGlobalSection
	GlobalSection(ProjectConfigurationPlatforms) = postSolution
		{A88430E1-DD51-4D31-AA43-651E5B486813}.Debug|Any CPU.ActiveCfg = Debug|Any CPU
		{A88430E1-DD51-4D31-AA43-651E5B486813}.Debug|Any CPU.Build.0 = Debug|Any CPU
		{A88430E1-DD51-4D31-AA43-651E5B486813}.Release|Any CPU.ActiveCfg = Release|Any CPU
		{A88430E1-DD51-4D31-AA43-651E5B486813}.Release|Any CPU.Build.0 = Release|Any CPU
		{06A2666E-B36E-41A1-BC20-2E535A7172FA}.Debug|Any CPU.ActiveCfg = Debug|Any CPU
		{06A2666E-B36E-41A1-BC20-2E535A7172FA}.Debug|Any CPU.Build.0 = Debug|Any CPU
		{06A2666E-B36E-41A1-BC20-2E535A7172FA}.Release|Any CPU.ActiveCfg = Release|Any CPU
		{06A2666E-B36E-41A1-BC20-2E535A7172FA}.Release|Any CPU.Build.0 = Release|Any CPU
		{89F744F3-8EA7-4183-B180-8A7AE64A042B}.Debug|Any CPU.ActiveCfg = Debug|Any CPU
		{89F744F3-8EA7-4183-B180-8A7AE64A042B}.Debug|Any CPU.Build.0 = Debug|Any CPU
		{89F744F3-8EA7-4183-B180-8A7AE64A042B}.Release|Any CPU.ActiveCfg = Release|Any CPU
		{89F744F3-8EA7-4183-B180-8A7AE64A042B}.Release|Any CPU.Build.0 = Release|Any CPU
		{4F00AAE7-62EC-44F2-8F33-5573FC93F8D4}.Debug|Any CPU.ActiveCfg = Debug|Any CPU
		{4F00AAE7-62EC-44F2-8F33-5573FC93F8D4}.Debug|Any CPU.Build.0 = Debug|Any CPU
		{4F00AAE7-62EC-44F2-8F33-5573FC93F8D4}.Release|Any CPU.ActiveCfg = Release|Any CPU
		{4F00AAE7-62EC-44F2-8F33-5573FC93F8D4}.Release|Any CPU.Build.0 = Release|Any CPU
		{7D61EBD8-7D9B-4B26-B3D9-3D84405128E4}.Debug|Any CPU.ActiveCfg = Debug|Any CPU
		{7D61EBD8-7D9B-4B26-B3D9-3D84405128E4}.Debug|Any CPU.Build.0 = Debug|Any CPU
		{7D61EBD8-7D9B-4B26-B3D9-3D84405128E4}.Release|Any CPU.ActiveCfg = Release|Any CPU
		{7D61EBD8-7D9B-4B26-B3D9-3D84405128E4}.Release|Any CPU.Build.0 = Release|Any CPU
		{258395B5-093E-4352-8444-55C1E6DA2A35}.Debug|Any CPU.ActiveCfg = Debug|Any CPU
		{258395B5-093E-4352-8444-55C1E6DA2A35}.Debug|Any CPU.Build.0 = Debug|Any CPU
		{258395B5-093E-4352-8444-55C1E6DA2A35}.Release|Any CPU.ActiveCfg = Release|Any CPU
		{258395B5-093E-4352-8444-55C1E6DA2A35}.Release|Any CPU.Build.0 = Release|Any CPU
	EndGlobalSection
	GlobalSection(SolutionProperties) = preSolution
		HideSolutionNode = FALSE
	EndGlobalSection
	GlobalSection(ExtensibilityGlobals) = postSolution
		SolutionGuid = {17EBB468-0FC1-4F3F-B70A-1B23D2B1C879}
	EndGlobalSection
EndGlobal
